
Microsoft Visual Studio Solution File, Format Version 12.00
# Visual Studio 2013
VisualStudioVersion = 12.0.31101.0
MinimumVisualStudioVersion = 10.0.40219.1
Project("{FAE04EC0-301F-11D3-BF4B-00C04F79EFBC}") = "MusicOMania", "MusicOMania\MusicOMania.csproj", "{23296DE8-B62C-4128-A040-9E5C578D5563}"
EndProject
Project("{FAE04EC0-301F-11D3-BF4B-00C04F79EFBC}") = "MusicOMania.Tests", "MusicOMania.Tests\MusicOMania.Tests.csproj", "{F4E4FB12-0CC2-4687-8CDA-B316865F37AD}"
EndProject
Global
	GlobalSection(SolutionConfigurationPlatforms) = preSolution
		Debug|Any CPU = Debug|Any CPU
		Release|Any CPU = Release|Any CPU
	EndGlobalSection
	GlobalSection(ProjectConfigurationPlatforms) = postSolution
		{23296DE8-B62C-4128-A040-9E5C578D5563}.Debug|Any CPU.ActiveCfg = Debug|Any CPU
		{23296DE8-B62C-4128-A040-9E5C578D5563}.Debug|Any CPU.Build.0 = Debug|Any CPU
		{23296DE8-B62C-4128-A040-9E5C578D5563}.Release|Any CPU.ActiveCfg = Release|Any CPU
		{23296DE8-B62C-4128-A040-9E5C578D5563}.Release|Any CPU.Build.0 = Release|Any CPU
		{F4E4FB12-0CC2-4687-8CDA-B316865F37AD}.Debug|Any CPU.ActiveCfg = Debug|Any CPU
		{F4E4FB12-0CC2-4687-8CDA-B316865F37AD}.Debug|Any CPU.Build.0 = Debug|Any CPU
		{F4E4FB12-0CC2-4687-8CDA-B316865F37AD}.Release|Any CPU.ActiveCfg = Release|Any CPU
		{F4E4FB12-0CC2-4687-8CDA-B316865F37AD}.Release|Any CPU.Build.0 = Release|Any CPU
	EndGlobalSection
	GlobalSection(SolutionProperties) = preSolution
		HideSolutionNode = FALSE
	EndGlobalSection
EndGlobal
